
Microsoft Visual Studio Solution File, Format Version 12.00
# Visual Studio Version 17
VisualStudioVersion = 17.5.33424.131
MinimumVisualStudioVersion = 10.0.40219.1
Project("{FAE04EC0-301F-11D3-BF4B-00C04F79EFBC}") = "WebApplication1", "WebApplication1\WebApplication1.csproj", "{15247AC4-DAF9-48A8-8533-4256D43567DC}"
EndProject
Global
	GlobalSection(SolutionConfigurationPlatforms) = preSolution
		Debug|Any CPU = Debug|Any CPU
		Release|Any CPU = Release|Any CPU
	EndGlobalSection
	GlobalSection(ProjectConfigurationPlatforms) = postSolution
		{15247AC4-DAF9-48A8-8533-4256D43567DC}.Debug|Any CPU.ActiveCfg = Debug|Any CPU
		{15247AC4-DAF9-48A8-8533-4256D43567DC}.Debug|Any CPU.Build.0 = Debug|Any CPU
		{15247AC4-DAF9-48A8-8533-4256D43567DC}.Release|Any CPU.ActiveCfg = Release|Any CPU
		{15247AC4-DAF9-48A8-8533-4256D43567DC}.Release|Any CPU.Build.0 = Release|Any CPU
	EndGlobalSection
	GlobalSection(SolutionProperties) = preSolution
		HideSolutionNode = FALSE
	EndGlobalSection
	GlobalSection(ExtensibilityGlobals) = postSolution
		SolutionGuid = {F3C01441-A645-46B6-819E-881458B9CE1A}
	EndGlobalSection
EndGlobal
